
Microsoft Visual Studio Solution File, Format Version 12.00
# Visual Studio Version 17
VisualStudioVersion = 17.9.34622.214
MinimumVisualStudioVersion = 10.0.40219.1
Project("{9A19103F-16F7-4668-BE54-9A1E7A4F7556}") = "PlannedTraining.Server", "PlannedTraining\Server\PlannedTraining.Server.csproj", "{20841A6B-0718-461A-80E0-983D9A6ACBF7}"
EndProject
Project("{9A19103F-16F7-4668-BE54-9A1E7A4F7556}") = "PlannedTraining.Client", "PlannedTraining\Client\PlannedTraining.Client.csproj", "{A97FFD75-E6B4-4BC2-ABA3-E160479BA411}"
EndProject
Project("{9A19103F-16F7-4668-BE54-9A1E7A4F7556}") = "PlannedTraining.Shared", "PlannedTraining\Shared\PlannedTraining.Shared.csproj", "{64DF994C-A91C-4BD7-A25B-B0B9EA8EB168}"
EndProject
Global
	GlobalSection(SolutionConfigurationPlatforms) = preSolution
		Debug|Any CPU = Debug|Any CPU
		Release|Any CPU = Release|Any CPU
	EndGlobalSection
	GlobalSection(ProjectConfigurationPlatforms) = postSolution
		{20841A6B-0718-461A-80E0-983D9A6ACBF7}.Debug|Any CPU.ActiveCfg = Debug|Any CPU
		{20841A6B-0718-461A-80E0-983D9A6ACBF7}.Debug|Any CPU.Build.0 = Debug|Any CPU
		{20841A6B-0718-461A-80E0-983D9A6ACBF7}.Release|Any CPU.ActiveCfg = Release|Any CPU
		{20841A6B-0718-461A-80E0-983D9A6ACBF7}.Release|Any CPU.Build.0 = Release|Any CPU
		{A97FFD75-E6B4-4BC2-ABA3-E160479BA411}.Debug|Any CPU.ActiveCfg = Debug|Any CPU
		{A97FFD75-E6B4-4BC2-ABA3-E160479BA411}.Debug|Any CPU.Build.0 = Debug|Any CPU
		{A97FFD75-E6B4-4BC2-ABA3-E160479BA411}.Release|Any CPU.ActiveCfg = Release|Any CPU
		{A97FFD75-E6B4-4BC2-ABA3-E160479BA411}.Release|Any CPU.Build.0 = Release|Any CPU
		{64DF994C-A91C-4BD7-A25B-B0B9EA8EB168}.Debug|Any CPU.ActiveCfg = Debug|Any CPU
		{64DF994C-A91C-4BD7-A25B-B0B9EA8EB168}.Debug|Any CPU.Build.0 = Debug|Any CPU
		{64DF994C-A91C-4BD7-A25B-B0B9EA8EB168}.Release|Any CPU.ActiveCfg = Release|Any CPU
		{64DF994C-A91C-4BD7-A25B-B0B9EA8EB168}.Release|Any CPU.Build.0 = Release|Any CPU
	EndGlobalSection
	GlobalSection(SolutionProperties) = preSolution
		HideSolutionNode = FALSE
	EndGlobalSection
	GlobalSection(ExtensibilityGlobals) = postSolution
		SolutionGuid = {4DC40210-F7D8-4AF1-A90C-BDD030C0153C}
	EndGlobalSection
EndGlobal
